lockfileVersion: '6.0'

settings:
  autoInstallPeers: true
  excludeLinksFromLockfile: false

devDependencies:
  '@total-typescript/ts-reset':
    specifier: ^0.5.1
    version: 0.5.1
  '@tsconfig/recommended':
    specifier: ^1.0.6
    version: 1.0.6
  '@types/node':
    specifier: ^20.14.9
    version: 20.14.9
  tsconfig.json:
    specifier: link:@tsconfig/recommended/tsconfig.json
    version: link:@tsconfig/recommended/tsconfig.json

packages:

  /@total-typescript/ts-reset@0.5.1:
    resolution: {integrity: sha512-AqlrT8YA1o7Ff5wPfMOL0pvL+1X+sw60NN6CcOCqs658emD6RfiXhF7Gu9QcfKBH7ELY2nInLhKSCWVoNL70MQ==}
    dev: true

  /@tsconfig/recommended@1.0.6:
    resolution: {integrity: sha512-0IKu9GHYF1NGTJiYgfWwqnOQSlnE9V9R7YohHNNf0/fj/SyOZWzdd06JFr0fLpg1Mqw0kGbYg8w5xdkSqLKM9g==}
    dev: true

  /@types/node@20.14.9:
    resolution: {integrity: sha512-06OCtnTXtWOZBJlRApleWndH4JsRVs1pDCc8dLSQp+7PpUpX3ePdHyeNSFTeSe7FtKyQkrlPvHwJOW3SLd8Oyg==}
    dependencies:
      undici-types: 5.26.5
    dev: true

  /undici-types@5.26.5:
    resolution: {integrity: sha512-JlCMO+ehdEIKqlFxk6IfVoAUVmgz7cU7zD/h9XZ0qzeosSHmUJVOzSQvvYSYWXkFXC+IfLKSIffhv0sVZup6pA==}
    dev: true
